// !$*UTF8*$!
{
	archiveVersion = 1;
	classes = {
	};
	objectVersion = 46;
	objects = {

/* Begin PBXBuildFile section */
		825222E91EF300B60067C89D /* AppDelegate.swift in Sources */ = {isa = PBXBuildFile; fileRef = 825222D71EF300B60067C89D /* AppDelegate.swift */; };
		825222EA1EF300B60067C89D /* Assets.xcassets in Resources */ = {isa = PBXBuildFile; fileRef = 825222D81EF300B60067C89D /* Assets.xcassets */; };
		825222EB1EF300B60067C89D /* LaunchScreen.storyboard in Resources */ = {isa = PBXBuildFile; fileRef = 825222D91EF300B60067C89D /* LaunchScreen.storyboard */; };
		825222EC1EF300B60067C89D /* Main.storyboard in Resources */ = {isa = PBXBuildFile; fileRef = 825222DB1EF300B60067C89D /* Main.storyboard */; };
		825222ED1EF300B60067C89D /* CustomHeaderView.swift in Sources */ = {isa = PBXBuildFile; fileRef = 825222DD1EF300B60067C89D /* CustomHeaderView.swift */; };
		825222EE1EF300B60067C89D /* DataItem.swift in Sources */ = {isa = PBXBuildFile; fileRef = 825222DE1EF300B60067C89D /* DataItem.swift */; };
		825222EF1EF300B60067C89D /* Header.xib in Resources */ = {isa = PBXBuildFile; fileRef = 825222DF1EF300B60067C89D /* Header.xib */; };
		825222F11EF300B60067C89D /* Provider.swift in Sources */ = {isa = PBXBuildFile; fileRef = 825222E11EF300B60067C89D /* Provider.swift */; };
		825222F21EF300B60067C89D /* ViewController.swift in Sources */ = {isa = PBXBuildFile; fileRef = 825222E21EF300B60067C89D /* ViewController.swift */; };
/* End PBXBuildFile section */

/* Begin PBXFileReference section */
		825222D71EF300B60067C89D /* AppDelegate.swift */ = {isa = PBXFileReference; fileEncoding = 4; lastKnownFileType = sourcecode.swift; path = AppDelegate.swift; sourceTree = "<group>"; };
		825222D81EF300B60067C89D /* Assets.xcassets */ = {isa = PBXFileReference; lastKnownFileType = folder.assetcatalog; path = Assets.xcassets; sourceTree = "<group>"; };
		825222DA1EF300B60067C89D /* Base */ = {isa = PBXFileReference; lastKnownFileType = file.storyboard; name = Base; path = Base.lproj/LaunchScreen.storyboard; sourceTree = "<group>"; };
		825222DC1EF300B60067C89D /* Base */ = {isa = PBXFileReference; lastKnownFileType = file.storyboard; name = Base; path = Base.lproj/Main.storyboard; sourceTree = "<group>"; };
		825222DD1EF300B60067C89D /* CustomHeaderView.swift */ = {isa = PBXFileReference; fileEncoding = 4; lastKnownFileType = sourcecode.swift; path = CustomHeaderView.swift; sourceTree = "<group>"; };
		825222DE1EF300B60067C89D /* DataItem.swift */ = {isa = PBXFileReference; fileEncoding = 4; lastKnownFileType = sourcecode.swift; path = DataItem.swift; sourceTree = "<group>"; };
		825222DF1EF300B60067C89D /* Header.xib */ = {isa = PBXFileReference; fileEncoding = 4; lastKnownFileType = file.xib; path = Header.xib; sourceTree = "<group>"; };
		825222E11EF300B60067C89D /* Provider.swift */ = {isa = PBXFileReference; fileEncoding = 4; lastKnownFileType = sourcecode.swift; path = Provider.swift; sourceTree = "<group>"; };
		825222E21EF300B60067C89D /* ViewController.swift */ = {isa = PBXFileReference; fileEncoding = 4; lastKnownFileType = sourcecode.swift; path = ViewController.swift; sourceTree = "<group>"; };
		825222F91EF3022E0067C89D /* Info.plist */ = {isa = PBXFileReference; fileEncoding = 4; lastKnownFileType = text.plist.xml; path = Info.plist; sourceTree = "<group>"; };
		926BCE1C1EB9BFC0000D9A18 /* ExpandCollapseTableView.app */ = {isa = PBXFileReference; explicitFileType = wrapper.application; includeInIndex = 0; path = ExpandCollapseTableView.app; sourceTree = BUILT_PRODUCTS_DIR; };
/* End PBXFileReference section */

/* Begin PBXFrameworksBuildPhase section */
		926BCE191EB9BFC0000D9A18 /* Frameworks */ = {
			isa = PBXFrameworksBuildPhase;
			buildActionMask = 2147483647;
			files = (
			);
			runOnlyForDeploymentPostprocessing = 0;
		};
/* End PBXFrameworksBuildPhase section */

/* Begin PBXGroup section */
		825222D61EF300B60067C89D /* ExpandCollapseTableView */ = {
			isa = PBXGroup;
			children = (
				825222D71EF300B60067C89D /* AppDelegate.swift */,
				825222E21EF300B60067C89D /* ViewController.swift */,
				825222DD1EF300B60067C89D /* CustomHeaderView.swift */,
				825222E11EF300B60067C89D /* Provider.swift */,
				825222DE1EF300B60067C89D /* DataItem.swift */,
				825222D81EF300B60067C89D /* Assets.xcassets */,
				825222D91EF300B60067C89D /* LaunchScreen.storyboard */,
				825222DB1EF300B60067C89D /* Main.storyboard */,
				825222DF1EF300B60067C89D /* Header.xib */,
				825222F91EF3022E0067C89D /* Info.plist */,
			);
			path = ExpandCollapseTableView;
			sourceTree = "<group>";
		};
		926BCE131EB9BFC0000D9A18 = {
			isa = PBXGroup;
			children = (
				825222D61EF300B60067C89D /* ExpandCollapseTableView */,
				926BCE1D1EB9BFC0000D9A18 /* Products */,
			);
			sourceTree = "<group>";
		};
		926BCE1D1EB9BFC0000D9A18 /* Products */ = {
			isa = PBXGroup;
			children = (
				926BCE1C1EB9BFC0000D9A18 /* ExpandCollapseTableView.app */,
			);
			name = Products;
			sourceTree = "<group>";
		};
/* End PBXGroup section */

/* Begin PBXNativeTarget section */
		926BCE1B1EB9BFC0000D9A18 /* ExpandCollapseTableView */ = {
			isa = PBXNativeTarget;
			buildConfigurationList = 926BCE441EB9BFC0000D9A18 /* Build configuration list for PBXNativeTarget "ExpandCollapseTableView" */;
			buildPhases = (
				926BCE181EB9BFC0000D9A18 /* Sources */,
				926BCE191EB9BFC0000D9A18 /* Frameworks */,
				926BCE1A1EB9BFC0000D9A18 /* Resources */,
			);
			buildRules = (
			);
			dependencies = (
			);
			name = ExpandCollapseTableView;
			productName = expandTableview;
			productReference = 926BCE1C1EB9BFC0000D9A18 /* ExpandCollapseTableView.app */;
			productType = "com.apple.product-type.application";
		};
/* End PBXNativeTarget section */

/* Begin PBXProject section */
		926BCE141EB9BFC0000D9A18 /* Project object */ = {
			isa = PBXProject;
			attributes = {
				LastSwiftUpdateCheck = 0720;
				LastUpgradeCheck = 1130;
				ORGANIZATIONNAME = "Capgemini Guest";
				TargetAttributes = {
					926BCE1B1EB9BFC0000D9A18 = {
						CreatedOnToolsVersion = 7.2.1;
						LastSwiftMigration = 0820;
					};
				};
			};
			buildConfigurationList = 926BCE171EB9BFC0000D9A18 /* Build configuration list for PBXProject "ExpandCollapseTableView" */;
			compatibilityVersion = "Xcode 3.2";
			developmentRegion = en;
			hasScannedForEncodings = 0;
			knownRegions = (
				en,
				Base,
			);
			mainGroup = 926BCE131EB9BFC0000D9A18;
			productRefGroup = 926BCE1D1EB9BFC0000D9A18 /* Products */;
			projectDirPath = "";
			projectRoot = "";
			targets = (
				926BCE1B1EB9BFC0000D9A18 /* ExpandCollapseTableView */,
			);
		};
/* End PBXProject section */

/* Begin PBXResourcesBuildPhase section */
		926BCE1A1EB9BFC0000D9A18 /* Resources */ = {
			isa = PBXResourcesBuildPhase;
			buildActionMask = 2147483647;
			files = (
				825222EF1EF300B60067C89D /* Header.xib in Resources */,
				825222EC1EF300B60067C89D /* Main.storyboard in Resources */,
				825222EA1EF300B60067C89D /* Assets.xcassets in Resources */,
				825222EB1EF300B60067C89D /* LaunchScreen.storyboard in Resources */,
			);
			runOnlyForDeploymentPostprocessing = 0;
		};
/* End PBXResourcesBuildPhase section */

/* Begin PBXSourcesBuildPhase section */
		926BCE181EB9BFC0000D9A18 /* Sources */ = {
			isa = PBXSourcesBuildPhase;
			buildActionMask = 2147483647;
			files = (
				825222F21EF300B60067C89D /* ViewController.swift in Sources */,
				825222F11EF300B60067C89D /* Provider.swift in Sources */,
				825222ED1EF300B60067C89D /* CustomHeaderView.swift in Sources */,
				825222EE1EF300B60067C89D /* DataItem.swift in Sources */,
				825222E91EF300B60067C89D /* AppDelegate.swift in Sources */,
			);
			runOnlyForDeploymentPostprocessing = 0;
		};
/* End PBXSourcesBuildPhase section */

/* Begin PBXVariantGroup section */
		825222D91EF300B60067C89D /* LaunchScreen.storyboard */ = {
			isa = PBXVariantGroup;
			children = (
				825222DA1EF300B60067C89D /* Base */,
			);
			name = LaunchScreen.storyboard;
			sourceTree = "<group>";
		};
		825222DB1EF300B60067C89D /* Main.storyboard */ = {
			isa = PBXVariantGroup;
			children = (
				825222DC1EF300B60067C89D /* Base */,
			);
			name = Main.storyboard;
			sourceTree = "<group>";
		};
/* End PBXVariantGroup section */

/* Begin XCBuildConfiguration section */
		926BCE421EB9BFC0000D9A18 /* Debug */ = {
			isa = XCBuildConfiguration;
			buildSettings = {
				ALWAYS_SEARCH_USER_PATHS = NO;
				CLANG_CXX_LANGUAGE_STANDARD = "gnu++0x";
				CLANG_CXX_LIBRARY = "libc++";
				CLANG_ENABLE_MODULES = YES;
				CLANG_ENABLE_OBJC_ARC = YES;
				CLANG_WARN_BLOCK_CAPTURE_AUTORELEASING = YES;
				CLANG_WARN_BOOL_CONVERSION = YES;
				CLANG_WARN_COMMA = YES;
				CLANG_WARN_CONSTANT_CONVERSION = YES;
				CLANG_WARN_DEPRECATED_OBJC_IMPLEMENTATIONS = YES;
				CLANG_WARN_DIRECT_OBJC_ISA_USAGE = YES_ERROR;
				CLANG_WARN_EMPTY_BODY = YES;
				CLANG_WARN_ENUM_CONVERSION = YES;
				CLANG_WARN_INFINITE_RECURSION = YES;
				CLANG_WARN_INT_CONVERSION = YES;
				CLANG_WARN_NON_LITERAL_NULL_CONVERSION = YES;
				CLANG_WARN_OBJC_IMPLICIT_RETAIN_SELF = YES;
				CLANG_WARN_OBJC_LITERAL_CONVERSION = YES;
				CLANG_WARN_OBJC_ROOT_CLASS = YES_ERROR;
				CLANG_WARN_RANGE_LOOP_ANALYSIS = YES;
				CLANG_WARN_STRICT_PROTOTYPES = YES;
				CLANG_WARN_SUSPICIOUS_MOVE = YES;
				CLANG_WARN_UNREACHABLE_CODE = YES;
				CLANG_WARN__DUPLICATE_METHOD_MATCH = YES;
				"CODE_SIGN_IDENTITY[sdk=iphoneos*]" = "iPhone Developer";
				COPY_PHASE_STRIP = NO;
				DEBUG_INFORMATION_FORMAT = dwarf;
				ENABLE_STRICT_OBJC_MSGSEND = YES;
				ENABLE_TESTABILITY = YES;
				GCC_C_LANGUAGE_STANDARD = gnu99;
				GCC_DYNAMIC_NO_PIC = NO;
				GCC_NO_COMMON_BLOCKS = YES;
				GCC_OPTIMIZATION_LEVEL = 0;
				GCC_PREPROCESSOR_DEFINITIONS = (
					"DEBUG=1",
					"$(inherited)",
				);
				GCC_WARN_64_TO_32_BIT_CONVERSION = YES;
				GCC_WARN_ABOUT_RETURN_TYPE = YES_ERROR;
				GCC_WARN_UNDECLARED_SELECTOR = YES;
				GCC_WARN_UNINITIALIZED_AUTOS = YES_AGGRESSIVE;
				GCC_WARN_UNUSED_FUNCTION = YES;
				GCC_WARN_UNUSED_VARIABLE = YES;
				IPHONEOS_DEPLOYMENT_TARGET = 9.2;
				MTL_ENABLE_DEBUG_INFO = YES;
				ONLY_ACTIVE_ARCH = YES;
				SDKROOT = iphoneos;
				SWIFT_OPTIMIZATION_LEVEL = "-Onone";
			};
			name = Debug;
		};
		926BCE431EB9BFC0000D9A18 /* Release */ = {
			isa = XCBuildConfiguration;
			buildSettings = {
				ALWAYS_SEARCH_USER_PATHS = NO;
				CLANG_CXX_LANGUAGE_STANDARD = "gnu++0x";
				CLANG_CXX_LIBRARY = "libc++";
				CLANG_ENABLE_MODULES = YES;
				CLANG_ENABLE_OBJC_ARC = YES;
				CLANG_WARN_BLOCK_CAPTURE_AUTORELEASING = YES;
				CLANG_WARN_BOOL_CONVERSION = YES;
				CLANG_WARN_COMMA = YES;
				CLANG_WARN_CONSTANT_CONVERSION = YES;
				CLANG_WARN_DEPRECATED_OBJC_IMPLEMENTATIONS = YES;
				CLANG_WARN_DIRECT_OBJC_ISA_USAGE = YES_ERROR;
				CLANG_WARN_EMPTY_BODY = YES;
				CLANG_WARN_ENUM_CONVERSION = YES;
				CLANG_WARN_INFINITE_RECURSION = YES;
				CLANG_WARN_INT_CONVERSION = YES;
				CLANG_WARN_NON_LITERAL_NULL_CONVERSION = YES;
				CLANG_WARN_OBJC_IMPLICIT_RETAIN_SELF = YES;
				CLANG_WARN_OBJC_LITERAL_CONVERSION = YES;
				CLANG_WARN_OBJC_ROOT_CLASS = YES_ERROR;
				CLANG_WARN_RANGE_LOOP_ANALYSIS = YES;
				CLANG_WARN_STRICT_PROTOTYPES = YES;
				CLANG_WARN_SUSPICIOUS_MOVE = YES;
				CLANG_WARN_UNREACHABLE_CODE = YES;
				CLANG_WARN__DUPLICATE_METHOD_MATCH = YES;
				"CODE_SIGN_IDENTITY[sdk=iphoneos*]" = "iPhone Developer";
				COPY_PHASE_STRIP = NO;
				DEBUG_INFORMATION_FORMAT = "dwarf-with-dsym";
				ENABLE_NS_ASSERTIONS = NO;
				ENABLE_STRICT_OBJC_MSGSEND = YES;
				GCC_C_LANGUAGE_STANDARD = gnu99;
				GCC_NO_COMMON_BLOCKS = YES;
				GCC_WARN_64_TO_32_BIT_CONVERSION = YES;
				GCC_WARN_ABOUT_RETURN_TYPE = YES_ERROR;
				GCC_WARN_UNDECLARED_SELECTOR = YES;
				GCC_WARN_UNINITIALIZED_AUTOS = YES_AGGRESSIVE;
				GCC_WARN_UNUSED_FUNCTION = YES;
				GCC_WARN_UNUSED_VARIABLE = YES;
				IPHONEOS_DEPLOYMENT_TARGET = 9.2;
				MTL_ENABLE_DEBUG_INFO = NO;
				SDKROOT = iphoneos;
				SWIFT_COMPILATION_MODE = wholemodule;
				VALIDATE_PRODUCT = YES;
			};
			name = Release;
		};
		926BCE451EB9BFC0000D9A18 /* Debug */ = {
			isa = XCBuildConfiguration;
			buildSettings = {
				ASSETCATALOG_COMPILER_APPICON_NAME = AppIcon;
				INFOPLIST_FILE = ExpandCollapseTableView/Info.plist;
				IPHONEOS_DEPLOYMENT_TARGET = 9.2;
				LD_RUNPATH_SEARCH_PATHS = "$(inherited) @executable_path/Frameworks";
				PRODUCT_BUNDLE_IDENTIFIER = com.iOSFreak.ms.expandTableview;
				PRODUCT_NAME = "$(TARGET_NAME)";
				SWIFT_VERSION = 4.2;
				TARGETED_DEVICE_FAMILY = "1,2";
			};
			name = Debug;
		};
		926BCE461EB9BFC0000D9A18 /* Release */ = {
			isa = XCBuildConfiguration;
			buildSettings = {
				ASSETCATALOG_COMPILER_APPICON_NAME = AppIcon;
				INFOPLIST_FILE = ExpandCollapseTableView/Info.plist;
				IPHONEOS_DEPLOYMENT_TARGET = 9.2;
				LD_RUNPATH_SEARCH_PATHS = "$(inherited) @executable_path/Frameworks";
				PRODUCT_BUNDLE_IDENTIFIER = com.iOSFreak.ms.expandTableview;
				PRODUCT_NAME = "$(TARGET_NAME)";
				SWIFT_VERSION = 4.2;
				TARGETED_DEVICE_FAMILY = "1,2";
			};
			name = Release;
		};
/* End XCBuildConfiguration section */

/* Begin XCConfigurationList section */
		926BCE171EB9BFC0000D9A18 /* Build configuration list for PBXProject "ExpandCollapseTableView" */ = {
			isa = XCConfigurationList;
			buildConfigurations = (
				926BCE421EB9BFC0000D9A18 /* Debug */,
				926BCE431EB9BFC0000D9A18 /* Release */,
			);
			defaultConfigurationIsVisible = 0;
			defaultConfigurationName = Release;
		};
		926BCE441EB9BFC0000D9A18 /* Build configuration list for PBXNativeTarget "ExpandCollapseTableView" */ = {
			isa = XCConfigurationList;
			buildConfigurations = (
				926BCE451EB9BFC0000D9A18 /* Debug */,
				926BCE461EB9BFC0000D9A18 /* Release */,
			);
			defaultConfigurationIsVisible = 0;
			defaultConfigurationName = Release;
		};
/* End XCConfigurationList section */
	};
	rootObject = 926BCE141EB9BFC0000D9A18 /* Project object */;
}
